
Microsoft Visual Studio Solution File, Format Version 12.00
# Visual Studio Version 17
VisualStudioVersion = 17.4.33213.308
MinimumVisualStudioVersion = 10.0.40219.1
Project("{FAE04EC0-301F-11D3-BF4B-00C04F79EFBC}") = "SalesWebMvc", "SalesWebMvc\SalesWebMvc.csproj", "{138D1434-9D2A-46D4-89C8-43B0BDB76DEF}"
EndProject
Global
	GlobalSection(SolutionConfigurationPlatforms) = preSolution
		Debug|Any CPU = Debug|Any CPU
		Release|Any CPU = Release|Any CPU
	EndGlobalSection
	GlobalSection(ProjectConfigurationPlatforms) = postSolution
		{138D1434-9D2A-46D4-89C8-43B0BDB76DEF}.Debug|Any CPU.ActiveCfg = Debug|Any CPU
		{138D1434-9D2A-46D4-89C8-43B0BDB76DEF}.Debug|Any CPU.Build.0 = Debug|Any CPU
		{138D1434-9D2A-46D4-89C8-43B0BDB76DEF}.Release|Any CPU.ActiveCfg = Release|Any CPU
		{138D1434-9D2A-46D4-89C8-43B0BDB76DEF}.Release|Any CPU.Build.0 = Release|Any CPU
	EndGlobalSection
	GlobalSection(SolutionProperties) = preSolution
		HideSolutionNode = FALSE
	EndGlobalSection
	GlobalSection(ExtensibilityGlobals) = postSolution
		SolutionGuid = {6D8BA8B5-5B6D-4422-BE27-7A18FE270B7E}
	EndGlobalSection
EndGlobal
